
Microsoft Visual Studio Solution File, Format Version 11.00
# Visual Studio 2010
Project("{FAE04EC0-301F-11D3-BF4B-00C04F79EFBC}") = "solLogica", "solLogica\solLogica.csproj", "{9C55CF13-7E05-44DC-8D45-8A3729570932}"
EndProject
Project("{FAE04EC0-301F-11D3-BF4B-00C04F79EFBC}") = "PruebasLogica", "PruebasLogica\PruebasLogica.csproj", "{D6C2C5A1-BBE6-4C00-8E21-64886F9A131C}"
EndProject
Project("{2150E333-8FDC-42A3-9474-1A3956D46DE8}") = "Solution Items", "Solution Items", "{55AEE17F-AC67-40B5-A285-D0055D8F50CE}"
	ProjectSection(SolutionItems) = preProject
		Local.testsettings = Local.testsettings
		solLogica1.vsmdi = solLogica1.vsmdi
		TraceAndTestImpact.testsettings = TraceAndTestImpact.testsettings
	EndProjectSection
EndProject
Global
	GlobalSection(TestCaseManagementSettings) = postSolution
		CategoryFile = solLogica1.vsmdi
	EndGlobalSection
	GlobalSection(SolutionConfigurationPlatforms) = preSolution
		Debug|Any CPU = Debug|Any CPU
		Release|Any CPU = Release|Any CPU
	EndGlobalSection
	GlobalSection(ProjectConfigurationPlatforms) = postSolution
		{9C55CF13-7E05-44DC-8D45-8A3729570932}.Debug|Any CPU.ActiveCfg = Debug|Any CPU
		{9C55CF13-7E05-44DC-8D45-8A3729570932}.Debug|Any CPU.Build.0 = Debug|Any CPU
		{9C55CF13-7E05-44DC-8D45-8A3729570932}.Release|Any CPU.ActiveCfg = Release|Any CPU
		{9C55CF13-7E05-44DC-8D45-8A3729570932}.Release|Any CPU.Build.0 = Release|Any CPU
		{D6C2C5A1-BBE6-4C00-8E21-64886F9A131C}.Debug|Any CPU.ActiveCfg = Debug|Any CPU
		{D6C2C5A1-BBE6-4C00-8E21-64886F9A131C}.Debug|Any CPU.Build.0 = Debug|Any CPU
		{D6C2C5A1-BBE6-4C00-8E21-64886F9A131C}.Release|Any CPU.ActiveCfg = Release|Any CPU
		{D6C2C5A1-BBE6-4C00-8E21-64886F9A131C}.Release|Any CPU.Build.0 = Release|Any CPU
	EndGlobalSection
	GlobalSection(SolutionProperties) = preSolution
		HideSolutionNode = FALSE
	EndGlobalSection
EndGlobal
